
Microsoft Visual Studio Solution File, Format Version 10.00
# Visual Studio 2008
Project("{FAE04EC0-301F-11D3-BF4B-00C04F79EFBC}") = "DXFLib", "DXFLib\DXFLib.csproj", "{476FA4C4-FA1D-4A2A-985B-8CBF50F82251}"
EndProject
Project("{FAE04EC0-301F-11D3-BF4B-00C04F79EFBC}") = "DXFLibTests", "DXFLibTests\DXFLibTests.csproj", "{193BF9DD-2857-4AFC-BB21-F1E8EE4E29D7}"
EndProject
Project("{2150E333-8FDC-42A3-9474-1A3956D46DE8}") = "Solution Items", "Solution Items", "{C43810B4-B2F9-434F-B36E-9E96AB42D93A}"
	ProjectSection(SolutionItems) = preProject
		DXFLib1.vsmdi = DXFLib1.vsmdi
		LocalTestRun.testrunconfig = LocalTestRun.testrunconfig
	EndProjectSection
EndProject
Global
	GlobalSection(TestCaseManagementSettings) = postSolution
		CategoryFile = DXFLib1.vsmdi
	EndGlobalSection
	GlobalSection(SolutionConfigurationPlatforms) = preSolution
		Debug|Any CPU = Debug|Any CPU
		Release|Any CPU = Release|Any CPU
	EndGlobalSection
	GlobalSection(ProjectConfigurationPlatforms) = postSolution
		{476FA4C4-FA1D-4A2A-985B-8CBF50F82251}.Debug|Any CPU.ActiveCfg = Debug|Any CPU
		{476FA4C4-FA1D-4A2A-985B-8CBF50F82251}.Debug|Any CPU.Build.0 = Debug|Any CPU
		{476FA4C4-FA1D-4A2A-985B-8CBF50F82251}.Release|Any CPU.ActiveCfg = Release|Any CPU
		{476FA4C4-FA1D-4A2A-985B-8CBF50F82251}.Release|Any CPU.Build.0 = Release|Any CPU
		{193BF9DD-2857-4AFC-BB21-F1E8EE4E29D7}.Debug|Any CPU.ActiveCfg = Debug|Any CPU
		{193BF9DD-2857-4AFC-BB21-F1E8EE4E29D7}.Debug|Any CPU.Build.0 = Debug|Any CPU
		{193BF9DD-2857-4AFC-BB21-F1E8EE4E29D7}.Release|Any CPU.ActiveCfg = Release|Any CPU
		{193BF9DD-2857-4AFC-BB21-F1E8EE4E29D7}.Release|Any CPU.Build.0 = Release|Any CPU
	EndGlobalSection
	GlobalSection(SolutionProperties) = preSolution
		HideSolutionNode = FALSE
	EndGlobalSection
EndGlobal
